
Microsoft Visual Studio Solution File, Format Version 12.00
# Visual Studio Version 17
VisualStudioVersion = 17.4.33213.308
MinimumVisualStudioVersion = 10.0.40219.1
Project("{FAE04EC0-301F-11D3-BF4B-00C04F79EFBC}") = "HolePlugin", "HolePlugin\HolePlugin.csproj", "{A127C08C-A1CE-4E12-8EB6-A46A9943B8DE}"
EndProject
Global
	GlobalSection(SolutionConfigurationPlatforms) = preSolution
		Debug|Any CPU = Debug|Any CPU
		Release|Any CPU = Release|Any CPU
	EndGlobalSection
	GlobalSection(ProjectConfigurationPlatforms) = postSolution
		{A127C08C-A1CE-4E12-8EB6-A46A9943B8DE}.Debug|Any CPU.ActiveCfg = Debug|Any CPU
		{A127C08C-A1CE-4E12-8EB6-A46A9943B8DE}.Debug|Any CPU.Build.0 = Debug|Any CPU
		{A127C08C-A1CE-4E12-8EB6-A46A9943B8DE}.Release|Any CPU.ActiveCfg = Release|Any CPU
		{A127C08C-A1CE-4E12-8EB6-A46A9943B8DE}.Release|Any CPU.Build.0 = Release|Any CPU
	EndGlobalSection
	GlobalSection(SolutionProperties) = preSolution
		HideSolutionNode = FALSE
	EndGlobalSection
	GlobalSection(ExtensibilityGlobals) = postSolution
		SolutionGuid = {92EC1A1A-51D4-4B59-BB0A-F1C8AE92714D}
	EndGlobalSection
EndGlobal
